{
  "pins" : [
    {
      "identity" : "midisequencer",
      "kind" : "remoteSourceControl",
      "location" : "https://github.com/apparata/MIDISequencer.git",
      "state" : {
        "revision" : "dae8827135824d767b3b7a175b3364a205765070",
        "version" : "1.0.0"
      }
    }
  ],
  "version" : 2
}
