{
  "object": {
    "pins": [
      {
        "package": "MIDISequencer",
        "repositoryURL": "https://github.com/apparata/MIDISequencer.git",
        "state": {
          "branch": null,
          "revision": "392c8357b3190819ad94b9f6aab381a61da34811",
          "version": "0.3.0"
        }
      }
    ]
  },
  "version": 1
}
